
Microsoft Visual Studio Solution File, Format Version 12.00
Project("{FAE04EC0-301F-11D3-BF4B-00C04F79EFBC}") = "design-pattern-csharp", "design-pattern-csharp\design-pattern-csharp.csproj", "{EF4105E3-00A5-4226-BBC3-26CD9AA7DA9B}"
EndProject
Global
	GlobalSection(SolutionConfigurationPlatforms) = preSolution
		Debug|Any CPU = Debug|Any CPU
		Release|Any CPU = Release|Any CPU
	EndGlobalSection
	GlobalSection(ProjectConfigurationPlatforms) = postSolution
		{EF4105E3-00A5-4226-BBC3-26CD9AA7DA9B}.Debug|Any CPU.ActiveCfg = Debug|Any CPU
		{EF4105E3-00A5-4226-BBC3-26CD9AA7DA9B}.Debug|Any CPU.Build.0 = Debug|Any CPU
		{EF4105E3-00A5-4226-BBC3-26CD9AA7DA9B}.Release|Any CPU.ActiveCfg = Release|Any CPU
		{EF4105E3-00A5-4226-BBC3-26CD9AA7DA9B}.Release|Any CPU.Build.0 = Release|Any CPU
	EndGlobalSection
EndGlobal
